
Microsoft Visual Studio Solution File, Format Version 12.00
# Visual Studio Version 17
VisualStudioVersion = 17.11.35327.3
MinimumVisualStudioVersion = 10.0.40219.1
Project("{8BC9CEB8-8B4A-11D0-8D11-00A0C91BC942}") = "30-WritingToAFile", "30-WritingToAFile.vcxproj", "{76E1939D-F69D-4E1C-9A87-4C067D04B11D}"
EndProject
Global
	GlobalSection(SolutionConfigurationPlatforms) = preSolution
		Debug|x64 = Debug|x64
		Debug|x86 = Debug|x86
		Release|x64 = Release|x64
		Release|x86 = Release|x86
	EndGlobalSection
	GlobalSection(ProjectConfigurationPlatforms) = postSolution
		{76E1939D-F69D-4E1C-9A87-4C067D04B11D}.Debug|x64.ActiveCfg = Debug|x64
		{76E1939D-F69D-4E1C-9A87-4C067D04B11D}.Debug|x64.Build.0 = Debug|x64
		{76E1939D-F69D-4E1C-9A87-4C067D04B11D}.Debug|x86.ActiveCfg = Debug|Win32
		{76E1939D-F69D-4E1C-9A87-4C067D04B11D}.Debug|x86.Build.0 = Debug|Win32
		{76E1939D-F69D-4E1C-9A87-4C067D04B11D}.Release|x64.ActiveCfg = Release|x64
		{76E1939D-F69D-4E1C-9A87-4C067D04B11D}.Release|x64.Build.0 = Release|x64
		{76E1939D-F69D-4E1C-9A87-4C067D04B11D}.Release|x86.ActiveCfg = Release|Win32
		{76E1939D-F69D-4E1C-9A87-4C067D04B11D}.Release|x86.Build.0 = Release|Win32
	EndGlobalSection
	GlobalSection(SolutionProperties) = preSolution
		HideSolutionNode = FALSE
	EndGlobalSection
	GlobalSection(ExtensibilityGlobals) = postSolution
		SolutionGuid = {F5D11DB5-18C3-4495-80F7-3231D02D1820}
	EndGlobalSection
EndGlobal
