
Microsoft Visual Studio Solution File, Format Version 12.00
# Visual Studio Version 17
VisualStudioVersion = 17.11.35222.181
MinimumVisualStudioVersion = 10.0.40219.1
Project("{8BC9CEB8-8B4A-11D0-8D11-00A0C91BC942}") = "16-Employee7", "16-Employee7.vcxproj", "{19B8CA9D-7D58-4509-9B4F-78C633CD1CCE}"
EndProject
Global
	GlobalSection(SolutionConfigurationPlatforms) = preSolution
		Debug|x64 = Debug|x64
		Debug|x86 = Debug|x86
		Release|x64 = Release|x64
		Release|x86 = Release|x86
	EndGlobalSection
	GlobalSection(ProjectConfigurationPlatforms) = postSolution
		{19B8CA9D-7D58-4509-9B4F-78C633CD1CCE}.Debug|x64.ActiveCfg = Debug|x64
		{19B8CA9D-7D58-4509-9B4F-78C633CD1CCE}.Debug|x64.Build.0 = Debug|x64
		{19B8CA9D-7D58-4509-9B4F-78C633CD1CCE}.Debug|x86.ActiveCfg = Debug|Win32
		{19B8CA9D-7D58-4509-9B4F-78C633CD1CCE}.Debug|x86.Build.0 = Debug|Win32
		{19B8CA9D-7D58-4509-9B4F-78C633CD1CCE}.Release|x64.ActiveCfg = Release|x64
		{19B8CA9D-7D58-4509-9B4F-78C633CD1CCE}.Release|x64.Build.0 = Release|x64
		{19B8CA9D-7D58-4509-9B4F-78C633CD1CCE}.Release|x86.ActiveCfg = Release|Win32
		{19B8CA9D-7D58-4509-9B4F-78C633CD1CCE}.Release|x86.Build.0 = Release|Win32
	EndGlobalSection
	GlobalSection(SolutionProperties) = preSolution
		HideSolutionNode = FALSE
	EndGlobalSection
	GlobalSection(ExtensibilityGlobals) = postSolution
		SolutionGuid = {664307DF-DCDE-4382-BF8B-0D0E3680C3BA}
	EndGlobalSection
EndGlobal
